PODS:
  - NitroMath (1.1.0)
  - NitroNSDictionaryCategories (1.1.0)

DEPENDENCIES:
  - NitroMath (~> 1.1.0)
  - NitroNSDictionaryCategories (~> 1.1.0)

SPEC CHECKSUMS:
  NitroMath: c6cb000bf4f653bf444125d125a1d6604093179e
  NitroNSDictionaryCategories: 2259fcd242bba50d8004f65defe41328194feed4

COCOAPODS: 0.33.1
